
Microsoft Visual Studio Solution File, Format Version 12.00
# Visual Studio 15
VisualStudioVersion = 15.0.26228.4
MinimumVisualStudioVersion = 15.0.26228.4
Project("{2150E333-8FDC-42A3-9474-1A3956D46DE8}") = "Solution Items", "Solution Items", "{D7078584-1144-4143-8DE8-D6741F6FD685}"
	ProjectSection(SolutionItems) = preProject
		ExtraPlugins.props = ExtraPlugins.props
	EndProjectSection
EndProject
Project("{8BC9CEB8-8B4A-11D0-8D11-00A0C91BC942}") = "HexPidPlugin", "HexPidPlugin\HexPidPlugin.vcxproj", "{50691784-4EB0-4B5E-B428-BD37E52F8D2E}"
EndProject
Project("{8BC9CEB8-8B4A-11D0-8D11-00A0C91BC942}") = "AvgCpuPlugin", "AvgCpuPlugin\AvgCpuPlugin.vcxproj", "{A68DC3E8-5E2E-4883-A2A4-81F921458A9C}"
EndProject
Project("{8BC9CEB8-8B4A-11D0-8D11-00A0C91BC942}") = "SetCriticalPlugin", "SetCriticalPlugin\SetCriticalPlugin.vcxproj", "{AF008176-46A6-4EFB-8061-D1EF9B9CEC29}"
EndProject
Project("{8BC9CEB8-8B4A-11D0-8D11-00A0C91BC942}") = "ROTViewerPlugin", "ROTViewerPlugin\ROTViewerPlugin.vcxproj", "{4C581739-03D9-4E73-B453-0536DFB34C91}"
EndProject
Project("{8BC9CEB8-8B4A-11D0-8D11-00A0C91BC942}") = "DnsCachePlugin", "DnsCachePlugin\DnsCachePlugin.vcxproj", "{34E39D39-7148-45BF-9B36-DEF53E534A11}"
EndProject
Project("{8BC9CEB8-8B4A-11D0-8D11-00A0C91BC942}") = "AtomTablePlugin", "AtomTablePlugin\AtomTablePlugin.vcxproj", "{12390643-F40D-411F-A2E8-BF85F90223DF}"
EndProject
Project("{8BC9CEB8-8B4A-11D0-8D11-00A0C91BC942}") = "WaitChainPlugin", "WaitChainPlugin\WaitChainPlugin.vcxproj", "{D6EA1C23-4CBC-4CD5-931C-38C984722510}"
EndProject
Project("{8BC9CEB8-8B4A-11D0-8D11-00A0C91BC942}") = "PerfMonPlugin", "PerfMonPlugin\PerfMonPlugin.vcxproj", "{E373C568-D6C5-4E0E-94ED-A759EDE16A9E}"
EndProject
Project("{8BC9CEB8-8B4A-11D0-8D11-00A0C91BC942}") = "NvGpuPlugin", "NvGpuPlugin\NvGpuPlugin.vcxproj", "{B509BF8F-6007-4173-B05E-5037B958C12F}"
EndProject
Project("{8BC9CEB8-8B4A-11D0-8D11-00A0C91BC942}") = "DbgViewPlugin", "DbgViewPlugin\DbgViewPlugin.vcxproj", "{AAD42A11-92A7-4918-A76A-862528185199}"
EndProject
Project("{8BC9CEB8-8B4A-11D0-8D11-00A0C91BC942}") = "TaskbarExtPlugin", "TaskbarExtPlugin\TaskbarExtPlugin.vcxproj", "{58E266DF-088C-470D-9EC8-403B40042373}"
EndProject
Project("{8BC9CEB8-8B4A-11D0-8D11-00A0C91BC942}") = "SecurityExplorer", "SecurityExplorerPlugin\SecurityExplorer.vcxproj", "{0DCBC570-B4E3-482A-9872-8BB5678F5E5C}"
EndProject
Project("{8BC9CEB8-8B4A-11D0-8D11-00A0C91BC942}") = "ServiceBackupRestorePlugin", "ServiceBackupRestorePlugin\ServiceBackupRestorePlugin.vcxproj", "{D08A2B6C-822F-46C8-A7AC-A2EE609237D6}"
EndProject
Project("{8BC9CEB8-8B4A-11D0-8D11-00A0C91BC942}") = "FirewallMonitorPlugin", "FirewallMonitorPlugin\FirewallMonitorPlugin.vcxproj", "{44A7C3BA-BAD5-40F3-AB70-442D44539053}"
EndProject
Project("{8BC9CEB8-8B4A-11D0-8D11-00A0C91BC942}") = "ForceShutdownPlugin", "ForceShutdownPlugin\ForceShutdownPlugin.vcxproj", "{4417E8FC-5FA6-4631-B792-1872561E7DC2}"
EndProject
Project("{8BC9CEB8-8B4A-11D0-8D11-00A0C91BC942}") = "TrustedInstallerPlugin", "TrustedInstallerPlugin\TrustedInstallerPlugin.vcxproj", "{652D6556-B8E3-4173-B321-60F623E127E8}"
EndProject
Project("{8BC9CEB8-8B4A-11D0-8D11-00A0C91BC942}") = "TerminatorPlugin", "TerminatorPlugin\TerminatorPlugin.vcxproj", "{93D93301-3638-4CFA-8F1B-547528023087}"
EndProject
Project("{8BC9CEB8-8B4A-11D0-8D11-00A0C91BC942}") = "FirmwarePlugin", "FirmwarePlugin\FirmwarePlugin.vcxproj", "{21B34EB4-4C56-4449-A2C0-BC50B4480D7C}"
EndProject
Project("{8BC9CEB8-8B4A-11D0-8D11-00A0C91BC942}") = "PoolMonPlugin", "PoolMonPlugin\PoolMonPlugin.vcxproj", "{34E1194C-61AE-4FAF-A5F9-540DD6DF4872}"
EndProject
Project("{8BC9CEB8-8B4A-11D0-8D11-00A0C91BC942}") = "ObjectManagerPlugin", "ObjectManagerPlugin\ObjectManagerPlugin.vcxproj", "{DADA7017-0A25-4E97-BC21-D7FE3DE2EBF3}"
EndProject
Global
	GlobalSection(SolutionConfigurationPlatforms) = preSolution
		Debug|Win32 = Debug|Win32
		Debug|x64 = Debug|x64
		Release|Win32 = Release|Win32
		Release|x64 = Release|x64
	EndGlobalSection
	GlobalSection(ProjectConfigurationPlatforms) = postSolution
		{50691784-4EB0-4B5E-B428-BD37E52F8D2E}.Debug|Win32.ActiveCfg = Debug|Win32
		{50691784-4EB0-4B5E-B428-BD37E52F8D2E}.Debug|Win32.Build.0 = Debug|Win32
		{50691784-4EB0-4B5E-B428-BD37E52F8D2E}.Debug|x64.ActiveCfg = Debug|x64
		{50691784-4EB0-4B5E-B428-BD37E52F8D2E}.Debug|x64.Build.0 = Debug|x64
		{50691784-4EB0-4B5E-B428-BD37E52F8D2E}.Release|Win32.ActiveCfg = Release|Win32
		{50691784-4EB0-4B5E-B428-BD37E52F8D2E}.Release|Win32.Build.0 = Release|Win32
		{50691784-4EB0-4B5E-B428-BD37E52F8D2E}.Release|x64.ActiveCfg = Release|x64
		{50691784-4EB0-4B5E-B428-BD37E52F8D2E}.Release|x64.Build.0 = Release|x64
		{A68DC3E8-5E2E-4883-A2A4-81F921458A9C}.Debug|Win32.ActiveCfg = Debug|Win32
		{A68DC3E8-5E2E-4883-A2A4-81F921458A9C}.Debug|Win32.Build.0 = Debug|Win32
		{A68DC3E8-5E2E-4883-A2A4-81F921458A9C}.Debug|x64.ActiveCfg = Debug|x64
		{A68DC3E8-5E2E-4883-A2A4-81F921458A9C}.Debug|x64.Build.0 = Debug|x64
		{A68DC3E8-5E2E-4883-A2A4-81F921458A9C}.Release|Win32.ActiveCfg = Release|Win32
		{A68DC3E8-5E2E-4883-A2A4-81F921458A9C}.Release|Win32.Build.0 = Release|Win32
		{A68DC3E8-5E2E-4883-A2A4-81F921458A9C}.Release|x64.ActiveCfg = Release|x64
		{A68DC3E8-5E2E-4883-A2A4-81F921458A9C}.Release|x64.Build.0 = Release|x64
		{AF008176-46A6-4EFB-8061-D1EF9B9CEC29}.Debug|Win32.ActiveCfg = Debug|Win32
		{AF008176-46A6-4EFB-8061-D1EF9B9CEC29}.Debug|Win32.Build.0 = Debug|Win32
		{AF008176-46A6-4EFB-8061-D1EF9B9CEC29}.Debug|x64.ActiveCfg = Debug|x64
		{AF008176-46A6-4EFB-8061-D1EF9B9CEC29}.Debug|x64.Build.0 = Debug|x64
		{AF008176-46A6-4EFB-8061-D1EF9B9CEC29}.Release|Win32.ActiveCfg = Release|Win32
		{AF008176-46A6-4EFB-8061-D1EF9B9CEC29}.Release|Win32.Build.0 = Release|Win32
		{AF008176-46A6-4EFB-8061-D1EF9B9CEC29}.Release|x64.ActiveCfg = Release|x64
		{AF008176-46A6-4EFB-8061-D1EF9B9CEC29}.Release|x64.Build.0 = Release|x64
		{4C581739-03D9-4E73-B453-0536DFB34C91}.Debug|Win32.ActiveCfg = Debug|Win32
		{4C581739-03D9-4E73-B453-0536DFB34C91}.Debug|Win32.Build.0 = Debug|Win32
		{4C581739-03D9-4E73-B453-0536DFB34C91}.Debug|x64.ActiveCfg = Debug|x64
		{4C581739-03D9-4E73-B453-0536DFB34C91}.Debug|x64.Build.0 = Debug|x64
		{4C581739-03D9-4E73-B453-0536DFB34C91}.Release|Win32.ActiveCfg = Release|Win32
		{4C581739-03D9-4E73-B453-0536DFB34C91}.Release|Win32.Build.0 = Release|Win32
		{4C581739-03D9-4E73-B453-0536DFB34C91}.Release|x64.ActiveCfg = Release|x64
		{4C581739-03D9-4E73-B453-0536DFB34C91}.Release|x64.Build.0 = Release|x64
		{34E39D39-7148-45BF-9B36-DEF53E534A11}.Debug|Win32.ActiveCfg = Debug|Win32
		{34E39D39-7148-45BF-9B36-DEF53E534A11}.Debug|Win32.Build.0 = Debug|Win32
		{34E39D39-7148-45BF-9B36-DEF53E534A11}.Debug|x64.ActiveCfg = Debug|x64
		{34E39D39-7148-45BF-9B36-DEF53E534A11}.Debug|x64.Build.0 = Debug|x64
		{34E39D39-7148-45BF-9B36-DEF53E534A11}.Release|Win32.ActiveCfg = Release|Win32
		{34E39D39-7148-45BF-9B36-DEF53E534A11}.Release|Win32.Build.0 = Release|Win32
		{34E39D39-7148-45BF-9B36-DEF53E534A11}.Release|x64.ActiveCfg = Release|x64
		{34E39D39-7148-45BF-9B36-DEF53E534A11}.Release|x64.Build.0 = Release|x64
		{12390643-F40D-411F-A2E8-BF85F90223DF}.Debug|Win32.ActiveCfg = Debug|Win32
		{12390643-F40D-411F-A2E8-BF85F90223DF}.Debug|Win32.Build.0 = Debug|Win32
		{12390643-F40D-411F-A2E8-BF85F90223DF}.Debug|Win32.Deploy.0 = Debug|Win32
		{12390643-F40D-411F-A2E8-BF85F90223DF}.Debug|x64.ActiveCfg = Debug|x64
		{12390643-F40D-411F-A2E8-BF85F90223DF}.Debug|x64.Build.0 = Debug|x64
		{12390643-F40D-411F-A2E8-BF85F90223DF}.Debug|x64.Deploy.0 = Debug|x64
		{12390643-F40D-411F-A2E8-BF85F90223DF}.Release|Win32.ActiveCfg = Release|Win32
		{12390643-F40D-411F-A2E8-BF85F90223DF}.Release|Win32.Build.0 = Release|Win32
		{12390643-F40D-411F-A2E8-BF85F90223DF}.Release|Win32.Deploy.0 = Release|Win32
		{12390643-F40D-411F-A2E8-BF85F90223DF}.Release|x64.ActiveCfg = Release|x64
		{12390643-F40D-411F-A2E8-BF85F90223DF}.Release|x64.Build.0 = Release|x64
		{12390643-F40D-411F-A2E8-BF85F90223DF}.Release|x64.Deploy.0 = Release|x64
		{D6EA1C23-4CBC-4CD5-931C-38C984722510}.Debug|Win32.ActiveCfg = Debug|Win32
		{D6EA1C23-4CBC-4CD5-931C-38C984722510}.Debug|Win32.Build.0 = Debug|Win32
		{D6EA1C23-4CBC-4CD5-931C-38C984722510}.Debug|x64.ActiveCfg = Debug|x64
		{D6EA1C23-4CBC-4CD5-931C-38C984722510}.Debug|x64.Build.0 = Debug|x64
		{D6EA1C23-4CBC-4CD5-931C-38C984722510}.Release|Win32.ActiveCfg = Release|Win32
		{D6EA1C23-4CBC-4CD5-931C-38C984722510}.Release|Win32.Build.0 = Release|Win32
		{D6EA1C23-4CBC-4CD5-931C-38C984722510}.Release|x64.ActiveCfg = Release|x64
		{D6EA1C23-4CBC-4CD5-931C-38C984722510}.Release|x64.Build.0 = Release|x64
		{E373C568-D6C5-4E0E-94ED-A759EDE16A9E}.Debug|Win32.ActiveCfg = Debug|Win32
		{E373C568-D6C5-4E0E-94ED-A759EDE16A9E}.Debug|Win32.Build.0 = Debug|Win32
		{E373C568-D6C5-4E0E-94ED-A759EDE16A9E}.Debug|x64.ActiveCfg = Debug|x64
		{E373C568-D6C5-4E0E-94ED-A759EDE16A9E}.Debug|x64.Build.0 = Debug|x64
		{E373C568-D6C5-4E0E-94ED-A759EDE16A9E}.Release|Win32.ActiveCfg = Release|Win32
		{E373C568-D6C5-4E0E-94ED-A759EDE16A9E}.Release|Win32.Build.0 = Release|Win32
		{E373C568-D6C5-4E0E-94ED-A759EDE16A9E}.Release|x64.ActiveCfg = Release|x64
		{E373C568-D6C5-4E0E-94ED-A759EDE16A9E}.Release|x64.Build.0 = Release|x64
		{B509BF8F-6007-4173-B05E-5037B958C12F}.Debug|Win32.ActiveCfg = Debug|Win32
		{B509BF8F-6007-4173-B05E-5037B958C12F}.Debug|Win32.Build.0 = Debug|Win32
		{B509BF8F-6007-4173-B05E-5037B958C12F}.Debug|x64.ActiveCfg = Debug|x64
		{B509BF8F-6007-4173-B05E-5037B958C12F}.Debug|x64.Build.0 = Debug|x64
		{B509BF8F-6007-4173-B05E-5037B958C12F}.Release|Win32.ActiveCfg = Release|Win32
		{B509BF8F-6007-4173-B05E-5037B958C12F}.Release|Win32.Build.0 = Release|Win32
		{B509BF8F-6007-4173-B05E-5037B958C12F}.Release|x64.ActiveCfg = Release|x64
		{B509BF8F-6007-4173-B05E-5037B958C12F}.Release|x64.Build.0 = Release|x64
		{AAD42A11-92A7-4918-A76A-862528185199}.Debug|Win32.ActiveCfg = Debug|Win32
		{AAD42A11-92A7-4918-A76A-862528185199}.Debug|Win32.Build.0 = Debug|Win32
		{AAD42A11-92A7-4918-A76A-862528185199}.Debug|x64.ActiveCfg = Debug|x64
		{AAD42A11-92A7-4918-A76A-862528185199}.Debug|x64.Build.0 = Debug|x64
		{AAD42A11-92A7-4918-A76A-862528185199}.Release|Win32.ActiveCfg = Release|Win32
		{AAD42A11-92A7-4918-A76A-862528185199}.Release|Win32.Build.0 = Release|Win32
		{AAD42A11-92A7-4918-A76A-862528185199}.Release|x64.ActiveCfg = Release|x64
		{AAD42A11-92A7-4918-A76A-862528185199}.Release|x64.Build.0 = Release|x64
		{58E266DF-088C-470D-9EC8-403B40042373}.Debug|Win32.ActiveCfg = Debug|Win32
		{58E266DF-088C-470D-9EC8-403B40042373}.Debug|Win32.Build.0 = Debug|Win32
		{58E266DF-088C-470D-9EC8-403B40042373}.Debug|x64.ActiveCfg = Debug|x64
		{58E266DF-088C-470D-9EC8-403B40042373}.Debug|x64.Build.0 = Debug|x64
		{58E266DF-088C-470D-9EC8-403B40042373}.Release|Win32.ActiveCfg = Release|Win32
		{58E266DF-088C-470D-9EC8-403B40042373}.Release|Win32.Build.0 = Release|Win32
		{58E266DF-088C-470D-9EC8-403B40042373}.Release|x64.ActiveCfg = Release|x64
		{58E266DF-088C-470D-9EC8-403B40042373}.Release|x64.Build.0 = Release|x64
		{0DCBC570-B4E3-482A-9872-8BB5678F5E5C}.Debug|Win32.ActiveCfg = Debug|Win32
		{0DCBC570-B4E3-482A-9872-8BB5678F5E5C}.Debug|Win32.Build.0 = Debug|Win32
		{0DCBC570-B4E3-482A-9872-8BB5678F5E5C}.Debug|x64.ActiveCfg = Debug|x64
		{0DCBC570-B4E3-482A-9872-8BB5678F5E5C}.Debug|x64.Build.0 = Debug|x64
		{0DCBC570-B4E3-482A-9872-8BB5678F5E5C}.Release|Win32.ActiveCfg = Release|Win32
		{0DCBC570-B4E3-482A-9872-8BB5678F5E5C}.Release|Win32.Build.0 = Release|Win32
		{0DCBC570-B4E3-482A-9872-8BB5678F5E5C}.Release|x64.ActiveCfg = Release|x64
		{0DCBC570-B4E3-482A-9872-8BB5678F5E5C}.Release|x64.Build.0 = Release|x64
		{D08A2B6C-822F-46C8-A7AC-A2EE609237D6}.Debug|Win32.ActiveCfg = Debug|Win32
		{D08A2B6C-822F-46C8-A7AC-A2EE609237D6}.Debug|Win32.Build.0 = Debug|Win32
		{D08A2B6C-822F-46C8-A7AC-A2EE609237D6}.Debug|x64.ActiveCfg = Debug|x64
		{D08A2B6C-822F-46C8-A7AC-A2EE609237D6}.Debug|x64.Build.0 = Debug|x64
		{D08A2B6C-822F-46C8-A7AC-A2EE609237D6}.Release|Win32.ActiveCfg = Release|Win32
		{D08A2B6C-822F-46C8-A7AC-A2EE609237D6}.Release|Win32.Build.0 = Release|Win32
		{D08A2B6C-822F-46C8-A7AC-A2EE609237D6}.Release|x64.ActiveCfg = Release|x64
		{D08A2B6C-822F-46C8-A7AC-A2EE609237D6}.Release|x64.Build.0 = Release|x64
		{44A7C3BA-BAD5-40F3-AB70-442D44539053}.Debug|Win32.ActiveCfg = Debug|Win32
		{44A7C3BA-BAD5-40F3-AB70-442D44539053}.Debug|Win32.Build.0 = Debug|Win32
		{44A7C3BA-BAD5-40F3-AB70-442D44539053}.Debug|x64.ActiveCfg = Debug|x64
		{44A7C3BA-BAD5-40F3-AB70-442D44539053}.Debug|x64.Build.0 = Debug|x64
		{44A7C3BA-BAD5-40F3-AB70-442D44539053}.Release|Win32.ActiveCfg = Release|Win32
		{44A7C3BA-BAD5-40F3-AB70-442D44539053}.Release|Win32.Build.0 = Release|Win32
		{44A7C3BA-BAD5-40F3-AB70-442D44539053}.Release|x64.ActiveCfg = Release|x64
		{44A7C3BA-BAD5-40F3-AB70-442D44539053}.Release|x64.Build.0 = Release|x64
		{4417E8FC-5FA6-4631-B792-1872561E7DC2}.Debug|Win32.ActiveCfg = Debug|Win32
		{4417E8FC-5FA6-4631-B792-1872561E7DC2}.Debug|Win32.Build.0 = Debug|Win32
		{4417E8FC-5FA6-4631-B792-1872561E7DC2}.Debug|x64.ActiveCfg = Debug|x64
		{4417E8FC-5FA6-4631-B792-1872561E7DC2}.Debug|x64.Build.0 = Debug|x64
		{4417E8FC-5FA6-4631-B792-1872561E7DC2}.Release|Win32.ActiveCfg = Release|Win32
		{4417E8FC-5FA6-4631-B792-1872561E7DC2}.Release|Win32.Build.0 = Release|Win32
		{4417E8FC-5FA6-4631-B792-1872561E7DC2}.Release|x64.ActiveCfg = Release|x64
		{4417E8FC-5FA6-4631-B792-1872561E7DC2}.Release|x64.Build.0 = Release|x64
		{652D6556-B8E3-4173-B321-60F623E127E8}.Debug|Win32.ActiveCfg = Debug|Win32
		{652D6556-B8E3-4173-B321-60F623E127E8}.Debug|Win32.Build.0 = Debug|Win32
		{652D6556-B8E3-4173-B321-60F623E127E8}.Debug|x64.ActiveCfg = Debug|x64
		{652D6556-B8E3-4173-B321-60F623E127E8}.Debug|x64.Build.0 = Debug|x64
		{652D6556-B8E3-4173-B321-60F623E127E8}.Release|Win32.ActiveCfg = Release|Win32
		{652D6556-B8E3-4173-B321-60F623E127E8}.Release|Win32.Build.0 = Release|Win32
		{652D6556-B8E3-4173-B321-60F623E127E8}.Release|x64.ActiveCfg = Release|x64
		{652D6556-B8E3-4173-B321-60F623E127E8}.Release|x64.Build.0 = Release|x64
		{93D93301-3638-4CFA-8F1B-547528023087}.Debug|Win32.ActiveCfg = Debug|Win32
		{93D93301-3638-4CFA-8F1B-547528023087}.Debug|Win32.Build.0 = Debug|Win32
		{93D93301-3638-4CFA-8F1B-547528023087}.Debug|x64.ActiveCfg = Debug|x64
		{93D93301-3638-4CFA-8F1B-547528023087}.Debug|x64.Build.0 = Debug|x64
		{93D93301-3638-4CFA-8F1B-547528023087}.Release|Win32.ActiveCfg = Release|Win32
		{93D93301-3638-4CFA-8F1B-547528023087}.Release|Win32.Build.0 = Release|Win32
		{93D93301-3638-4CFA-8F1B-547528023087}.Release|x64.ActiveCfg = Release|x64
		{93D93301-3638-4CFA-8F1B-547528023087}.Release|x64.Build.0 = Release|x64
		{21B34EB4-4C56-4449-A2C0-BC50B4480D7C}.Debug|Win32.ActiveCfg = Debug|Win32
		{21B34EB4-4C56-4449-A2C0-BC50B4480D7C}.Debug|Win32.Build.0 = Debug|Win32
		{21B34EB4-4C56-4449-A2C0-BC50B4480D7C}.Debug|x64.ActiveCfg = Debug|x64
		{21B34EB4-4C56-4449-A2C0-BC50B4480D7C}.Debug|x64.Build.0 = Debug|x64
		{21B34EB4-4C56-4449-A2C0-BC50B4480D7C}.Release|Win32.ActiveCfg = Release|Win32
		{21B34EB4-4C56-4449-A2C0-BC50B4480D7C}.Release|Win32.Build.0 = Release|Win32
		{21B34EB4-4C56-4449-A2C0-BC50B4480D7C}.Release|x64.ActiveCfg = Release|x64
		{21B34EB4-4C56-4449-A2C0-BC50B4480D7C}.Release|x64.Build.0 = Release|x64
		{34E1194C-61AE-4FAF-A5F9-540DD6DF4872}.Debug|Win32.ActiveCfg = Debug|Win32
		{34E1194C-61AE-4FAF-A5F9-540DD6DF4872}.Debug|Win32.Build.0 = Debug|Win32
		{34E1194C-61AE-4FAF-A5F9-540DD6DF4872}.Debug|x64.ActiveCfg = Debug|x64
		{34E1194C-61AE-4FAF-A5F9-540DD6DF4872}.Debug|x64.Build.0 = Debug|x64
		{34E1194C-61AE-4FAF-A5F9-540DD6DF4872}.Release|Win32.ActiveCfg = Release|Win32
		{34E1194C-61AE-4FAF-A5F9-540DD6DF4872}.Release|Win32.Build.0 = Release|Win32
		{34E1194C-61AE-4FAF-A5F9-540DD6DF4872}.Release|x64.ActiveCfg = Release|x64
		{34E1194C-61AE-4FAF-A5F9-540DD6DF4872}.Release|x64.Build.0 = Release|x64
		{DADA7017-0A25-4E97-BC21-D7FE3DE2EBF3}.Debug|Win32.ActiveCfg = Debug|Win32
		{DADA7017-0A25-4E97-BC21-D7FE3DE2EBF3}.Debug|Win32.Build.0 = Debug|Win32
		{DADA7017-0A25-4E97-BC21-D7FE3DE2EBF3}.Debug|x64.ActiveCfg = Debug|x64
		{DADA7017-0A25-4E97-BC21-D7FE3DE2EBF3}.Debug|x64.Build.0 = Debug|x64
		{DADA7017-0A25-4E97-BC21-D7FE3DE2EBF3}.Release|Win32.ActiveCfg = Release|Win32
		{DADA7017-0A25-4E97-BC21-D7FE3DE2EBF3}.Release|Win32.Build.0 = Release|Win32
		{DADA7017-0A25-4E97-BC21-D7FE3DE2EBF3}.Release|x64.ActiveCfg = Release|x64
		{DADA7017-0A25-4E97-BC21-D7FE3DE2EBF3}.Release|x64.Build.0 = Release|x64
	EndGlobalSection
	GlobalSection(SolutionProperties) = preSolution
		HideSolutionNode = FALSE
	EndGlobalSection
EndGlobal
